
Microsoft Visual Studio Solution File, Format Version 12.00
# Visual Studio Version 17
VisualStudioVersion = 17.14.36310.24
MinimumVisualStudioVersion = 10.0.40219.1
Project("{FAE04EC0-301F-11D3-BF4B-00C04F79EFBC}") = "diceGame", "dice game\diceGame.csproj", "{4DE2C1DE-3E41-46FD-96ED-5BFA37AE4B48}"
EndProject
Project("{2150E333-8FDC-42A3-9474-1A3956D46DE8}") = "Solution Items", "Solution Items", "{8EC462FD-D22E-90A8-E5CE-7E832BA40C5D}"
EndProject
Project("{FAE04EC0-301F-11D3-BF4B-00C04F79EFBC}") = "hasStraightTesting", "hasStraightTesting\hasStraightTesting.csproj", "{EC9939DA-4E09-4F2C-8643-7C75BD50931D}"
EndProject
Project("{FAE04EC0-301F-11D3-BF4B-00C04F79EFBC}") = "hasTripletTesting", "hasTripletTesting\hasTripletTesting.csproj", "{76B3678F-54F5-4AEE-BD16-DD1FD2927866}"
EndProject
Global
	GlobalSection(SolutionConfigurationPlatforms) = preSolution
		Debug|Any CPU = Debug|Any CPU
		Debug|x64 = Debug|x64
		Debug|x86 = Debug|x86
		Release|Any CPU = Release|Any CPU
		Release|x64 = Release|x64
		Release|x86 = Release|x86
	EndGlobalSection
	GlobalSection(ProjectConfigurationPlatforms) = postSolution
		{4DE2C1DE-3E41-46FD-96ED-5BFA37AE4B48}.Debug|Any CPU.ActiveCfg = Debug|Any CPU
		{4DE2C1DE-3E41-46FD-96ED-5BFA37AE4B48}.Debug|Any CPU.Build.0 = Debug|Any CPU
		{4DE2C1DE-3E41-46FD-96ED-5BFA37AE4B48}.Debug|x64.ActiveCfg = Debug|Any CPU
		{4DE2C1DE-3E41-46FD-96ED-5BFA37AE4B48}.Debug|x64.Build.0 = Debug|Any CPU
		{4DE2C1DE-3E41-46FD-96ED-5BFA37AE4B48}.Debug|x86.ActiveCfg = Debug|Any CPU
		{4DE2C1DE-3E41-46FD-96ED-5BFA37AE4B48}.Debug|x86.Build.0 = Debug|Any CPU
		{4DE2C1DE-3E41-46FD-96ED-5BFA37AE4B48}.Release|Any CPU.ActiveCfg = Release|Any CPU
		{4DE2C1DE-3E41-46FD-96ED-5BFA37AE4B48}.Release|Any CPU.Build.0 = Release|Any CPU
		{4DE2C1DE-3E41-46FD-96ED-5BFA37AE4B48}.Release|x64.ActiveCfg = Release|Any CPU
		{4DE2C1DE-3E41-46FD-96ED-5BFA37AE4B48}.Release|x64.Build.0 = Release|Any CPU
		{4DE2C1DE-3E41-46FD-96ED-5BFA37AE4B48}.Release|x86.ActiveCfg = Release|Any CPU
		{4DE2C1DE-3E41-46FD-96ED-5BFA37AE4B48}.Release|x86.Build.0 = Release|Any CPU
		{EC9939DA-4E09-4F2C-8643-7C75BD50931D}.Debug|Any CPU.ActiveCfg = Debug|Any CPU
		{EC9939DA-4E09-4F2C-8643-7C75BD50931D}.Debug|Any CPU.Build.0 = Debug|Any CPU
		{EC9939DA-4E09-4F2C-8643-7C75BD50931D}.Debug|x64.ActiveCfg = Debug|Any CPU
		{EC9939DA-4E09-4F2C-8643-7C75BD50931D}.Debug|x64.Build.0 = Debug|Any CPU
		{EC9939DA-4E09-4F2C-8643-7C75BD50931D}.Debug|x86.ActiveCfg = Debug|Any CPU
		{EC9939DA-4E09-4F2C-8643-7C75BD50931D}.Debug|x86.Build.0 = Debug|Any CPU
		{EC9939DA-4E09-4F2C-8643-7C75BD50931D}.Release|Any CPU.ActiveCfg = Release|Any CPU
		{EC9939DA-4E09-4F2C-8643-7C75BD50931D}.Release|Any CPU.Build.0 = Release|Any CPU
		{EC9939DA-4E09-4F2C-8643-7C75BD50931D}.Release|x64.ActiveCfg = Release|Any CPU
		{EC9939DA-4E09-4F2C-8643-7C75BD50931D}.Release|x64.Build.0 = Release|Any CPU
		{EC9939DA-4E09-4F2C-8643-7C75BD50931D}.Release|x86.ActiveCfg = Release|Any CPU
		{EC9939DA-4E09-4F2C-8643-7C75BD50931D}.Release|x86.Build.0 = Release|Any CPU
		{76B3678F-54F5-4AEE-BD16-DD1FD2927866}.Debug|Any CPU.ActiveCfg = Debug|Any CPU
		{76B3678F-54F5-4AEE-BD16-DD1FD2927866}.Debug|Any CPU.Build.0 = Debug|Any CPU
		{76B3678F-54F5-4AEE-BD16-DD1FD2927866}.Debug|x64.ActiveCfg = Debug|Any CPU
		{76B3678F-54F5-4AEE-BD16-DD1FD2927866}.Debug|x64.Build.0 = Debug|Any CPU
		{76B3678F-54F5-4AEE-BD16-DD1FD2927866}.Debug|x86.ActiveCfg = Debug|Any CPU
		{76B3678F-54F5-4AEE-BD16-DD1FD2927866}.Debug|x86.Build.0 = Debug|Any CPU
		{76B3678F-54F5-4AEE-BD16-DD1FD2927866}.Release|Any CPU.ActiveCfg = Release|Any CPU
		{76B3678F-54F5-4AEE-BD16-DD1FD2927866}.Release|Any CPU.Build.0 = Release|Any CPU
		{76B3678F-54F5-4AEE-BD16-DD1FD2927866}.Release|x64.ActiveCfg = Release|Any CPU
		{76B3678F-54F5-4AEE-BD16-DD1FD2927866}.Release|x64.Build.0 = Release|Any CPU
		{76B3678F-54F5-4AEE-BD16-DD1FD2927866}.Release|x86.ActiveCfg = Release|Any CPU
		{76B3678F-54F5-4AEE-BD16-DD1FD2927866}.Release|x86.Build.0 = Release|Any CPU
	EndGlobalSection
	GlobalSection(SolutionProperties) = preSolution
		HideSolutionNode = FALSE
	EndGlobalSection
	GlobalSection(ExtensibilityGlobals) = postSolution
		SolutionGuid = {FB1BAE4D-08D8-4B27-BAA7-168CF953AF8D}
	EndGlobalSection
EndGlobal
